{
  "name": "nfc",
  "version": "1.0.0",
  "lockfileVersion": 2,
  "requires": true,
  "packages": {
    "": {
      "name": "nfc",
      "version": "1.0.0",
      "license": "ISC",
      "dependencies": {
        "dev-file-server": "1.0.0"
      }
    },
    "node_modules/dev-file-server": {
      "version": "1.0.0",
      "resolved": "https://registry.npmjs.org/dev-file-server/-/dev-file-server-1.0.0.tgz",
      "integrity": "sha512-uc75FSgJTYyM9vUpzbkIxa1WCAUgHRdTa53lRZWG5Q1j80HkQ86aTCcDZ6gpTBSH+YFhmSI8uM/Y9Kzw/k0N2Q==",
      "bin": {
        "dev-file-server": "bin.js"
      }
    }
  },
  "dependencies": {
    "dev-file-server": {
      "version": "1.0.0",
      "resolved": "https://registry.npmjs.org/dev-file-server/-/dev-file-server-1.0.0.tgz",
      "integrity": "sha512-uc75FSgJTYyM9vUpzbkIxa1WCAUgHRdTa53lRZWG5Q1j80HkQ86aTCcDZ6gpTBSH+YFhmSI8uM/Y9Kzw/k0N2Q=="
    }
  }
}
